
Microsoft Visual Studio Solution File, Format Version 12.00
# Visual Studio Version 16
VisualStudioVersion = 16.0.810.15
MinimumVisualStudioVersion = 10.0.40219.1
Project("{FAE04EC0-301F-11D3-BF4B-00C04F79EFBC}") = "LoteriaMexicanaRandom", "LoteriaMexicanaRandom\LoteriaMexicanaRandom.csproj", "{38AAEA23-E2DB-4B89-9CD6-39C86BAABFB5}"
EndProject
Global
	GlobalSection(SolutionConfigurationPlatforms) = preSolution
		Debug|Any CPU = Debug|Any CPU
		Release|Any CPU = Release|Any CPU
	EndGlobalSection
	GlobalSection(ProjectConfigurationPlatforms) = postSolution
		{38AAEA23-E2DB-4B89-9CD6-39C86BAABFB5}.Debug|Any CPU.ActiveCfg = Debug|Any CPU
		{38AAEA23-E2DB-4B89-9CD6-39C86BAABFB5}.Debug|Any CPU.Build.0 = Debug|Any CPU
		{38AAEA23-E2DB-4B89-9CD6-39C86BAABFB5}.Release|Any CPU.ActiveCfg = Release|Any CPU
		{38AAEA23-E2DB-4B89-9CD6-39C86BAABFB5}.Release|Any CPU.Build.0 = Release|Any CPU
	EndGlobalSection
	GlobalSection(SolutionProperties) = preSolution
		HideSolutionNode = FALSE
	EndGlobalSection
	GlobalSection(ExtensibilityGlobals) = postSolution
		SolutionGuid = {E43423FC-330E-41CB-B3CE-B71BD1EC9344}
	EndGlobalSection
EndGlobal
